
Microsoft Visual Studio Solution File, Format Version 12.00
# Visual Studio Version 16
VisualStudioVersion = 16.0.30804.86
MinimumVisualStudioVersion = 10.0.40219.1
Project("{9A19103F-16F7-4668-BE54-9A1E7A4F7556}") = "SoftraySolution.WebAPI", "SoftraySolution.WebAPI\SoftraySolution.WebAPI.csproj", "{C2BF7125-3329-4D0A-8BED-F882E4CF77DC}"
EndProject
Project("{FAE04EC0-301F-11D3-BF4B-00C04F79EFBC}") = "SoftraySolution.Model", "SoftraySolution.Model\SoftraySolution.Model.csproj", "{2B1D8665-3C14-458F-BE1B-F56C8DE561CF}"
EndProject
Global
	GlobalSection(SolutionConfigurationPlatforms) = preSolution
		Debug|Any CPU = Debug|Any CPU
		Release|Any CPU = Release|Any CPU
	EndGlobalSection
	GlobalSection(ProjectConfigurationPlatforms) = postSolution
		{C2BF7125-3329-4D0A-8BED-F882E4CF77DC}.Debug|Any CPU.ActiveCfg = Debug|Any CPU
		{C2BF7125-3329-4D0A-8BED-F882E4CF77DC}.Debug|Any CPU.Build.0 = Debug|Any CPU
		{C2BF7125-3329-4D0A-8BED-F882E4CF77DC}.Release|Any CPU.ActiveCfg = Release|Any CPU
		{C2BF7125-3329-4D0A-8BED-F882E4CF77DC}.Release|Any CPU.Build.0 = Release|Any CPU
		{2B1D8665-3C14-458F-BE1B-F56C8DE561CF}.Debug|Any CPU.ActiveCfg = Debug|Any CPU
		{2B1D8665-3C14-458F-BE1B-F56C8DE561CF}.Debug|Any CPU.Build.0 = Debug|Any CPU
		{2B1D8665-3C14-458F-BE1B-F56C8DE561CF}.Release|Any CPU.ActiveCfg = Release|Any CPU
		{2B1D8665-3C14-458F-BE1B-F56C8DE561CF}.Release|Any CPU.Build.0 = Release|Any CPU
	EndGlobalSection
	GlobalSection(SolutionProperties) = preSolution
		HideSolutionNode = FALSE
	EndGlobalSection
	GlobalSection(ExtensibilityGlobals) = postSolution
		SolutionGuid = {DB75B8C4-F962-4C24-B4E1-73303BEC7B15}
	EndGlobalSection
EndGlobal
